<?xml version="1.0" encoding="utf-8"?>
<Project ToolsVersion="4.0" xmlns="http://schemas.microsoft.com/developer/msbuild/2003">
  <ItemGroup>
    <Filter Include="Source Files">
      <UniqueIdentifier>{9e10f533-77db-4f72-9609-5434f1a320c3}</UniqueIdentifier>
      <Extensions>cpp;c;cxx;rc;def;r;odl;idl;hpj;bat</Extensions>
    </Filter>
    <Filter Include="Header Files">
      <UniqueIdentifier>{78a2daeb-0e44-4c22-813e-2e39f240f79e}</UniqueIdentifier>
      <Extensions>h;hpp;hxx;hm;inl</Extensions>
    </Filter>
  </ItemGroup>
  <ItemGroup>
    <ClCompile Include="..\src\appender.cxx">
      <Filter>Source Files</Filter>
    </ClCompile>
    <ClCompile Include="..\src\asyncappender.cxx">
      <Filter>Source Files</Filter>
    </ClCompile>
    <ClCompile Include="..\src\appenderattachableimpl.cxx">
      <Filter>Source Files</Filter>
    </ClCompile>
    <ClCompile Include="..\src\configurator.cxx">
      <Filter>Source Files</Filter>
    </ClCompile>
    <ClCompile Include="..\src\consoleappender.cxx">
      <Filter>Source Files</Filter>
    </ClCompile>
    <ClCompile Include="..\src\cygwin-win32.cxx">
      <Filter>Source Files</Filter>
    </ClCompile>
    <ClCompile Include="..\src\env.cxx">
      <Filter>Source Files</Filter>
    </ClCompile>
    <ClCompile Include="..\src\factory.cxx">
      <Filter>Source Files</Filter>
    </ClCompile>
    <ClCompile Include="..\src\fileappender.cxx">
      <Filter>Source Files</Filter>
    </ClCompile>
    <ClCompile Include="..\src\SpecialFileAppender.cxx">
      <Filter>Source Files</Filter>
    </ClCompile>
    <ClCompile Include="..\src\fileinfo.cxx">
      <Filter>Source Files</Filter>
    </ClCompile>
    <ClCompile Include="..\src\filter.cxx">
      <Filter>Source Files</Filter>
    </ClCompile>
    <ClCompile Include="..\src\global-init.cxx">
      <Filter>Source Files</Filter>
    </ClCompile>
    <ClCompile Include="..\src\hierarchy.cxx">
      <Filter>Source Files</Filter>
    </ClCompile>
    <ClCompile Include="..\src\hierarchylocker.cxx">
      <Filter>Source Files</Filter>
    </ClCompile>
    <ClCompile Include="..\src\layout.cxx">
      <Filter>Source Files</Filter>
    </ClCompile>
    <ClCompile Include="..\src\lockfile.cxx">
      <Filter>Source Files</Filter>
    </ClCompile>
    <ClCompile Include="..\src\logger.cxx">
      <Filter>Source Files</Filter>
    </ClCompile>
    <ClCompile Include="..\src\loggerimpl.cxx">
      <Filter>Source Files</Filter>
    </ClCompile>
    <ClCompile Include="..\src\loggingevent.cxx">
      <Filter>Source Files</Filter>
    </ClCompile>
    <ClCompile Include="..\src\loggingmacros.cxx">
      <Filter>Source Files</Filter>
    </ClCompile>
    <ClCompile Include="..\src\loglevel.cxx">
      <Filter>Source Files</Filter>
    </ClCompile>
    <ClCompile Include="..\src\loglog.cxx">
      <Filter>Source Files</Filter>
    </ClCompile>
    <ClCompile Include="..\src\logloguser.cxx">
      <Filter>Source Files</Filter>
    </ClCompile>
    <ClCompile Include="..\src\mdc.cxx">
      <Filter>Source Files</Filter>
    </ClCompile>
    <ClCompile Include="..\src\ndc.cxx">
      <Filter>Source Files</Filter>
    </ClCompile>
    <ClCompile Include="..\src\nteventlogappender.cxx">
      <Filter>Source Files</Filter>
    </ClCompile>
    <ClCompile Include="..\src\nullappender.cxx">
      <Filter>Source Files</Filter>
    </ClCompile>
    <ClCompile Include="..\src\objectregistry.cxx">
      <Filter>Source Files</Filter>
    </ClCompile>
    <ClCompile Include="..\src\patternlayout.cxx">
      <Filter>Source Files</Filter>
    </ClCompile>
    <ClCompile Include="..\src\pointer.cxx">
      <Filter>Source Files</Filter>
    </ClCompile>
    <ClCompile Include="..\src\property.cxx">
      <Filter>Source Files</Filter>
    </ClCompile>
    <ClCompile Include="..\src\queue.cxx">
      <Filter>Source Files</Filter>
    </ClCompile>
    <ClCompile Include="..\src\rootlogger.cxx">
      <Filter>Source Files</Filter>
    </ClCompile>
    <ClCompile Include="..\src\sleep.cxx">
      <Filter>Source Files</Filter>
    </ClCompile>
    <ClCompile Include="..\src\snprintf.cxx">
      <Filter>Source Files</Filter>
    </ClCompile>
    <ClCompile Include="..\src\socket-win32.cxx">
      <Filter>Source Files</Filter>
    </ClCompile>
    <ClCompile Include="..\src\socket.cxx">
      <Filter>Source Files</Filter>
    </ClCompile>
    <ClCompile Include="..\src\socketappender.cxx">
      <Filter>Source Files</Filter>
    </ClCompile>
    <ClCompile Include="..\src\socketbuffer.cxx">
      <Filter>Source Files</Filter>
    </ClCompile>
    <ClCompile Include="..\src\stringhelper-clocale.cxx">
      <Filter>Source Files</Filter>
    </ClCompile>
    <ClCompile Include="..\src\stringhelper-cxxlocale.cxx">
      <Filter>Source Files</Filter>
    </ClCompile>
    <ClCompile Include="..\src\stringhelper-iconv.cxx">
      <Filter>Source Files</Filter>
    </ClCompile>
    <ClCompile Include="..\src\stringhelper.cxx">
      <Filter>Source Files</Filter>
    </ClCompile>
    <ClCompile Include="..\src\syncprims.cxx">
      <Filter>Source Files</Filter>
    </ClCompile>
    <ClCompile Include="..\src\threads.cxx">
      <Filter>Source Files</Filter>
    </ClCompile>
    <ClCompile Include="..\src\timehelper.cxx">
      <Filter>Source Files</Filter>
    </ClCompile>
    <ClCompile Include="..\src\tls.cxx">
      <Filter>Source Files</Filter>
    </ClCompile>
    <ClCompile Include="..\src\version.cxx">
      <Filter>Source Files</Filter>
    </ClCompile>
    <ClCompile Include="..\src\win32consoleappender.cxx">
      <Filter>Source Files</Filter>
    </ClCompile>
    <ClCompile Include="..\src\win32debugappender.cxx">
      <Filter>Source Files</Filter>
    </ClCompile>
    <ClCompile Include="..\..\..\..\..\..\..\..\%40Development\Mediaportal\TvEngine4\GenericTvLibrary\Filters\Common\Log4CPlus\src\clfsappender.cxx">
      <Filter>Source Files</Filter>
    </ClCompile>
    <ClCompile Include="..\..\..\..\..\..\..\..\%40Development\Mediaportal\TvEngine4\GenericTvLibrary\Filters\Common\Log4CPlus\src\log4judpappender.cxx">
      <Filter>Source Files</Filter>
    </ClCompile>
    <ClCompile Include="..\..\..\..\..\..\..\..\%40Development\Mediaportal\TvEngine4\GenericTvLibrary\Filters\Common\Log4CPlus\src\msttsappender.cxx">
      <Filter>Source Files</Filter>
    </ClCompile>
    <ClCompile Include="..\..\..\..\..\..\..\..\%40Development\Mediaportal\TvEngine4\GenericTvLibrary\Filters\Common\Log4CPlus\src\clogger.cxx">
      <Filter>Source Files</Filter>
    </ClCompile>
    <ClCompile Include="..\..\..\..\..\..\..\..\%40Development\Mediaportal\TvEngine4\GenericTvLibrary\Filters\Common\Log4CPlus\src\socket-unix.cxx">
      <Filter>Source Files</Filter>
    </ClCompile>
    <ClCompile Include="..\..\..\..\..\..\..\..\%40Development\Mediaportal\TvEngine4\GenericTvLibrary\Filters\Common\Log4CPlus\src\syslogappender.cxx">
      <Filter>Source Files</Filter>
    </ClCompile>
  </ItemGroup>
  <ItemGroup>
    <ClInclude Include="..\include\log4cplus\appender.h">
      <Filter>Header Files</Filter>
    </ClInclude>
    <ClInclude Include="..\include\log4cplus\spi\appenderattachable.h">
      <Filter>Header Files</Filter>
    </ClInclude>
    <ClInclude Include="..\include\log4cplus\helpers\appenderattachableimpl.h">
      <Filter>Header Files</Filter>
    </ClInclude>
    <ClInclude Include="..\include\log4cplus\asyncappender.h">
      <Filter>Header Files</Filter>
    </ClInclude>
    <ClInclude Include="..\include\log4cplus\config.hxx">
      <Filter>Header Files</Filter>
    </ClInclude>
    <ClInclude Include="..\include\log4cplus\configurator.h">
      <Filter>Header Files</Filter>
    </ClInclude>
    <ClInclude Include="..\include\log4cplus\consoleappender.h">
      <Filter>Header Files</Filter>
    </ClInclude>
    <ClInclude Include="..\include\log4cplus\internal\cygwin-win32.h">
      <Filter>Header Files</Filter>
    </ClInclude>
    <ClInclude Include="..\include\log4cplus\boost\deviceappender.h">
      <Filter>Header Files</Filter>
    </ClInclude>
    <ClInclude Include="..\include\log4cplus\internal\env.h">
      <Filter>Header Files</Filter>
    </ClInclude>
    <ClInclude Include="..\include\log4cplus\spi\factory.h">
      <Filter>Header Files</Filter>
    </ClInclude>
    <ClInclude Include="..\include\log4cplus\fileappender.h">
      <Filter>Header Files</Filter>
    </ClInclude>
    <ClInclude Include="..\include\log4cplus\SpecialFileAppender.h">
      <Filter>Header Files</Filter>
    </ClInclude>
    <ClInclude Include="..\include\log4cplus\helpers\fileinfo.h">
      <Filter>Header Files</Filter>
    </ClInclude>
    <ClInclude Include="..\include\log4cplus\spi\filter.h">
      <Filter>Header Files</Filter>
    </ClInclude>
    <ClInclude Include="..\include\log4cplus\fstreams.h">
      <Filter>Header Files</Filter>
    </ClInclude>
    <ClInclude Include="..\include\log4cplus\hierarchy.h">
      <Filter>Header Files</Filter>
    </ClInclude>
    <ClInclude Include="..\include\log4cplus\hierarchylocker.h">
      <Filter>Header Files</Filter>
    </ClInclude>
    <ClInclude Include="..\include\log4cplus\internal\internal.h">
      <Filter>Header Files</Filter>
    </ClInclude>
    <ClInclude Include="..\include\log4cplus\layout.h">
      <Filter>Header Files</Filter>
    </ClInclude>
    <ClInclude Include="..\include\log4cplus\helpers\lockfile.h">
      <Filter>Header Files</Filter>
    </ClInclude>
    <ClInclude Include="..\include\log4cplus\logger.h">
      <Filter>Header Files</Filter>
    </ClInclude>
    <ClInclude Include="..\include\log4cplus\spi\loggerfactory.h">
      <Filter>Header Files</Filter>
    </ClInclude>
    <ClInclude Include="..\include\log4cplus\spi\loggerimpl.h">
      <Filter>Header Files</Filter>
    </ClInclude>
    <ClInclude Include="..\include\log4cplus\spi\loggingevent.h">
      <Filter>Header Files</Filter>
    </ClInclude>
    <ClInclude Include="..\include\log4cplus\loggingmacros.h">
      <Filter>Header Files</Filter>
    </ClInclude>
    <ClInclude Include="..\include\log4cplus\loglevel.h">
      <Filter>Header Files</Filter>
    </ClInclude>
    <ClInclude Include="..\include\log4cplus\helpers\loglog.h">
      <Filter>Header Files</Filter>
    </ClInclude>
    <ClInclude Include="..\include\log4cplus\helpers\logloguser.h">
      <Filter>Header Files</Filter>
    </ClInclude>
    <ClInclude Include="..\include\log4cplus\mdc.h">
      <Filter>Header Files</Filter>
    </ClInclude>
    <ClInclude Include="..\include\log4cplus\ndc.h">
      <Filter>Header Files</Filter>
    </ClInclude>
    <ClInclude Include="..\include\log4cplus\nteventlogappender.h">
      <Filter>Header Files</Filter>
    </ClInclude>
    <ClInclude Include="..\include\log4cplus\nullappender.h">
      <Filter>Header Files</Filter>
    </ClInclude>
    <ClInclude Include="..\include\log4cplus\spi\objectregistry.h">
      <Filter>Header Files</Filter>
    </ClInclude>
    <ClInclude Include="..\include\log4cplus\helpers\pointer.h">
      <Filter>Header Files</Filter>
    </ClInclude>
    <ClInclude Include="..\include\log4cplus\helpers\property.h">
      <Filter>Header Files</Filter>
    </ClInclude>
    <ClInclude Include="..\include\log4cplus\helpers\queue.h">
      <Filter>Header Files</Filter>
    </ClInclude>
    <ClInclude Include="..\include\log4cplus\spi\rootlogger.h">
      <Filter>Header Files</Filter>
    </ClInclude>
    <ClInclude Include="..\include\log4cplus\helpers\sleep.h">
      <Filter>Header Files</Filter>
    </ClInclude>
    <ClInclude Include="..\include\log4cplus\helpers\snprintf.h">
      <Filter>Header Files</Filter>
    </ClInclude>
    <ClInclude Include="..\include\log4cplus\helpers\socket.h">
      <Filter>Header Files</Filter>
    </ClInclude>
    <ClInclude Include="..\include\log4cplus\internal\socket.h">
      <Filter>Header Files</Filter>
    </ClInclude>
    <ClInclude Include="..\include\log4cplus\socketappender.h">
      <Filter>Header Files</Filter>
    </ClInclude>
    <ClInclude Include="..\include\log4cplus\helpers\socketbuffer.h">
      <Filter>Header Files</Filter>
    </ClInclude>
    <ClInclude Include="..\include\log4cplus\streams.h">
      <Filter>Header Files</Filter>
    </ClInclude>
    <ClInclude Include="..\include\log4cplus\helpers\stringhelper.h">
      <Filter>Header Files</Filter>
    </ClInclude>
    <ClInclude Include="..\include\log4cplus\thread\impl\syncprims-impl.h">
      <Filter>Header Files</Filter>
    </ClInclude>
    <ClInclude Include="..\include\log4cplus\thread\impl\syncprims-pmsm.h">
      <Filter>Header Files</Filter>
    </ClInclude>
    <ClInclude Include="..\include\log4cplus\thread\impl\syncprims-pthreads.h">
      <Filter>Header Files</Filter>
    </ClInclude>
    <ClInclude Include="..\include\log4cplus\thread\syncprims-pub-impl.h">
      <Filter>Header Files</Filter>
    </ClInclude>
    <ClInclude Include="..\include\log4cplus\thread\impl\syncprims-win32.h">
      <Filter>Header Files</Filter>
    </ClInclude>
    <ClInclude Include="..\include\log4cplus\thread\syncprims.h">
      <Filter>Header Files</Filter>
    </ClInclude>
    <ClInclude Include="..\include\log4cplus\tchar.h">
      <Filter>Header Files</Filter>
    </ClInclude>
    <ClInclude Include="..\include\log4cplus\helpers\thread-config.h">
      <Filter>Header Files</Filter>
    </ClInclude>
    <ClInclude Include="..\include\log4cplus\thread\impl\threads-impl.h">
      <Filter>Header Files</Filter>
    </ClInclude>
    <ClInclude Include="..\include\log4cplus\thread\threads.h">
      <Filter>Header Files</Filter>
    </ClInclude>
    <ClInclude Include="..\include\log4cplus\helpers\timehelper.h">
      <Filter>Header Files</Filter>
    </ClInclude>
    <ClInclude Include="..\include\log4cplus\thread\impl\tls.h">
      <Filter>Header Files</Filter>
    </ClInclude>
    <ClInclude Include="..\include\log4cplus\tracelogger.h">
      <Filter>Header Files</Filter>
    </ClInclude>
    <ClInclude Include="..\include\log4cplus\tstring.h">
      <Filter>Header Files</Filter>
    </ClInclude>
    <ClInclude Include="..\include\log4cplus\version.h">
      <Filter>Header Files</Filter>
    </ClInclude>
    <ClInclude Include="..\include\log4cplus\config\win32.h">
      <Filter>Header Files</Filter>
    </ClInclude>
    <ClInclude Include="..\include\log4cplus\win32consoleappender.h">
      <Filter>Header Files</Filter>
    </ClInclude>
    <ClInclude Include="..\include\log4cplus\win32debugappender.h">
      <Filter>Header Files</Filter>
    </ClInclude>
    <ClInclude Include="..\include\log4cplus\config\windowsh-inc.h">
      <Filter>Header Files</Filter>
    </ClInclude>
    <ClInclude Include="..\..\..\..\..\..\..\..\%40Development\Mediaportal\TvEngine4\GenericTvLibrary\Filters\Common\Log4CPlus\include\log4cplus\clfsappender.h">
      <Filter>Header Files</Filter>
    </ClInclude>
    <ClInclude Include="..\..\..\..\..\..\..\..\%40Development\Mediaportal\TvEngine4\GenericTvLibrary\Filters\Common\Log4CPlus\include\log4cplus\log4judpappender.h">
      <Filter>Header Files</Filter>
    </ClInclude>
    <ClInclude Include="..\..\..\..\..\..\..\..\%40Development\Mediaportal\TvEngine4\GenericTvLibrary\Filters\Common\Log4CPlus\include\log4cplus\msttsappender.h">
      <Filter>Header Files</Filter>
    </ClInclude>
    <ClInclude Include="..\..\..\..\..\..\..\..\%40Development\Mediaportal\TvEngine4\GenericTvLibrary\Filters\Common\Log4CPlus\include\log4cplus\qt4debugappender.h">
      <Filter>Header Files</Filter>
    </ClInclude>
    <ClInclude Include="..\..\..\..\..\..\..\..\%40Development\Mediaportal\TvEngine4\GenericTvLibrary\Filters\Common\Log4CPlus\include\log4cplus\thread\impl\syncprims-cxx11.h">
      <Filter>Header Files</Filter>
    </ClInclude>
  </ItemGroup>
  <ItemGroup>
    <Text Include="..\..\..\..\..\..\..\..\%40Development\Mediaportal\TvEngine4\GenericTvLibrary\Filters\Common\Log4CPlus\src\CMakeLists.txt">
      <Filter>Source Files</Filter>
    </Text>
  </ItemGroup>
  <ItemGroup>
    <None Include="..\..\..\..\..\..\..\..\%40Development\Mediaportal\TvEngine4\GenericTvLibrary\Filters\Common\Log4CPlus\src\Makefile.am">
      <Filter>Source Files</Filter>
    </None>
    <None Include="..\..\..\..\..\..\..\..\%40Development\Mediaportal\TvEngine4\GenericTvLibrary\Filters\Common\Log4CPlus\src\Makefile.in">
      <Filter>Source Files</Filter>
    </None>
  </ItemGroup>
</Project>