<?xml version="1.0" encoding="utf-8"?>
<Project ToolsVersion="4.0" xmlns="http://schemas.microsoft.com/developer/msbuild/2003">
  <ItemGroup>
    <Filter Include="Source Files">
      <UniqueIdentifier>{AF2E9D63-7D12-46d6-B852-CC73A9ABE177}</UniqueIdentifier>
      <Extensions>cpp;c;cc;cxx;def;odl;idl;hpj;bat;asm;asmx</Extensions>
    </Filter>
    <Filter Include="Header Files">
      <UniqueIdentifier>{C1EED365-BC88-4707-8A5A-9B0AD87855D1}</UniqueIdentifier>
      <Extensions>h;hpp;hxx;hm;inl;inc;xsd</Extensions>
    </Filter>
    <Filter Include="SDK">
      <UniqueIdentifier>{02d3fd42-400d-4fac-be37-69de822c4247}</UniqueIdentifier>
      <Extensions>h;hpp;hxx;hm;inl;inc;xsd</Extensions>
    </Filter>
    <Filter Include="GlobalInterfaces">
      <UniqueIdentifier>{c5602249-cfaa-405e-9062-35a2fafba7e5}</UniqueIdentifier>
    </Filter>
  </ItemGroup>
  <ItemGroup>
    <ClCompile Include="source\tongshidvbsource.cpp">
      <Filter>Source Files</Filter>
    </ClCompile>
  </ItemGroup>
  <ItemGroup>
    <None Include="source\tongshidvbsource.def">
      <Filter>Source Files</Filter>
    </None>
  </ItemGroup>
  <ItemGroup>
    <ClInclude Include="source\tongshidvbsource.h">
      <Filter>Header Files</Filter>
    </ClInclude>
    <ClInclude Include="SDK\Include\TSDVBAPI.h">
      <Filter>SDK</Filter>
    </ClInclude>
    <ClInclude Include="..\shared\source\CommonInterfaceTypes.h">
      <Filter>GlobalInterfaces</Filter>
    </ClInclude>
    <ClInclude Include="..\shared\source\DiseqCTypes.h">
      <Filter>GlobalInterfaces</Filter>
    </ClInclude>
    <ClInclude Include="..\shared\source\IGTvLibCommonInterface.h">
      <Filter>GlobalInterfaces</Filter>
    </ClInclude>
    <ClInclude Include="..\shared\source\IGTvLibDiseqC.h">
      <Filter>GlobalInterfaces</Filter>
    </ClInclude>
    <ClInclude Include="..\shared\source\IGTvLibHwPidFiltering.h">
      <Filter>GlobalInterfaces</Filter>
    </ClInclude>
    <ClInclude Include="..\shared\source\IGTvLibLogging.h">
      <Filter>GlobalInterfaces</Filter>
    </ClInclude>
    <ClInclude Include="..\shared\source\IGTvLibSource.h">
      <Filter>GlobalInterfaces</Filter>
    </ClInclude>
    <ClInclude Include="..\shared\source\IGTvLibTuning.h">
      <Filter>GlobalInterfaces</Filter>
    </ClInclude>
    <ClInclude Include="..\shared\source\LoggingTypes.h">
      <Filter>GlobalInterfaces</Filter>
    </ClInclude>
    <ClInclude Include="..\shared\source\TuningTypes.h">
      <Filter>GlobalInterfaces</Filter>
    </ClInclude>
  </ItemGroup>
</Project>